
Microsoft Visual Studio Solution File, Format Version 12.00
# Visual Studio 2013
VisualStudioVersion = 12.0.21005.1
MinimumVisualStudioVersion = 10.0.40219.1
Project("{FAE04EC0-301F-11D3-BF4B-00C04F79EFBC}") = "BankRatesManagement", "BankRatesManagement\BankRatesManagement.csproj", "{5144C1A8-7BB1-4F7B-9DD7-AA0BC215AEC1}"
EndProject
Project("{FAE04EC0-301F-11D3-BF4B-00C04F79EFBC}") = "BankRatesManagement.Tests", "BankRatesManagement.Tests\BankRatesManagement.Tests.csproj", "{49625E20-0162-4C98-970A-C21ADBE36009}"
EndProject
Project("{FAE04EC0-301F-11D3-BF4B-00C04F79EFBC}") = "BankRatesManagement.Domain", "BankRatesManagement.Domain\BankRatesManagement.Domain.csproj", "{532E96F1-BF72-4078-9FB3-5717314016E8}"
EndProject
Global
	GlobalSection(TeamFoundationVersionControl) = preSolution
		SccNumberOfProjects = 4
		SccEnterpriseProvider = {4CA58AB2-18FA-4F8D-95D4-32DDF27D184C}
		SccTeamFoundationServer = https://easyflow.visualstudio.com/defaultcollection
		SccLocalPath0 = .
		SccProjectUniqueName1 = BankRatesManagement.Tests\\BankRatesManagement.Tests.csproj
		SccProjectName1 = BankRatesManagement.Tests
		SccLocalPath1 = BankRatesManagement.Tests
		SccProjectUniqueName2 = BankRatesManagement\\BankRatesManagement.csproj
		SccProjectName2 = BankRatesManagement
		SccLocalPath2 = BankRatesManagement
		SccProjectUniqueName3 = BankRatesManagement.Domain\\BankRatesManagement.Domain.csproj
		SccProjectName3 = BankRatesManagement.Domain
		SccLocalPath3 = BankRatesManagement.Domain
	EndGlobalSection
	GlobalSection(SolutionConfigurationPlatforms) = preSolution
		Debug|Any CPU = Debug|Any CPU
		Release|Any CPU = Release|Any CPU
	EndGlobalSection
	GlobalSection(ProjectConfigurationPlatforms) = postSolution
		{5144C1A8-7BB1-4F7B-9DD7-AA0BC215AEC1}.Debug|Any CPU.ActiveCfg = Debug|Any CPU
		{5144C1A8-7BB1-4F7B-9DD7-AA0BC215AEC1}.Debug|Any CPU.Build.0 = Debug|Any CPU
		{5144C1A8-7BB1-4F7B-9DD7-AA0BC215AEC1}.Release|Any CPU.ActiveCfg = Release|Any CPU
		{5144C1A8-7BB1-4F7B-9DD7-AA0BC215AEC1}.Release|Any CPU.Build.0 = Release|Any CPU
		{49625E20-0162-4C98-970A-C21ADBE36009}.Debug|Any CPU.ActiveCfg = Debug|Any CPU
		{49625E20-0162-4C98-970A-C21ADBE36009}.Debug|Any CPU.Build.0 = Debug|Any CPU
		{49625E20-0162-4C98-970A-C21ADBE36009}.Release|Any CPU.ActiveCfg = Release|Any CPU
		{49625E20-0162-4C98-970A-C21ADBE36009}.Release|Any CPU.Build.0 = Release|Any CPU
		{532E96F1-BF72-4078-9FB3-5717314016E8}.Debug|Any CPU.ActiveCfg = Debug|Any CPU
		{532E96F1-BF72-4078-9FB3-5717314016E8}.Debug|Any CPU.Build.0 = Debug|Any CPU
		{532E96F1-BF72-4078-9FB3-5717314016E8}.Release|Any CPU.ActiveCfg = Release|Any CPU
		{532E96F1-BF72-4078-9FB3-5717314016E8}.Release|Any CPU.Build.0 = Release|Any CPU
	EndGlobalSection
	GlobalSection(SolutionProperties) = preSolution
		HideSolutionNode = FALSE
	EndGlobalSection
EndGlobal
